
Microsoft Visual Studio Solution File, Format Version 12.00
# Visual Studio Version 17
VisualStudioVersion = 17.10.35013.160
MinimumVisualStudioVersion = 10.0.40219.1
Project("{A07B5EB6-E848-4116-A8D0-A826331D98C6}") = "TaxiApp", "TaxiApp.sfproj", "{0C59AEC2-299C-4BBD-A84B-6DC15B650B87}"
EndProject
Project("{FAE04EC0-301F-11D3-BF4B-00C04F79EFBC}") = "AuthService", "..\AuthService\AuthService.csproj", "{D9D1ADB9-CFA8-42B4-AA27-11CE8FC13FBE}"
EndProject
Global
	GlobalSection(SolutionConfigurationPlatforms) = preSolution
		Debug|Any CPU = Debug|Any CPU
		Debug|x64 = Debug|x64
		Release|Any CPU = Release|Any CPU
		Release|x64 = Release|x64
	EndGlobalSection
	GlobalSection(ProjectConfigurationPlatforms) = postSolution
		{0C59AEC2-299C-4BBD-A84B-6DC15B650B87}.Debug|Any CPU.ActiveCfg = Debug|x64
		{0C59AEC2-299C-4BBD-A84B-6DC15B650B87}.Debug|Any CPU.Build.0 = Debug|x64
		{0C59AEC2-299C-4BBD-A84B-6DC15B650B87}.Debug|Any CPU.Deploy.0 = Debug|x64
		{0C59AEC2-299C-4BBD-A84B-6DC15B650B87}.Debug|x64.ActiveCfg = Debug|x64
		{0C59AEC2-299C-4BBD-A84B-6DC15B650B87}.Debug|x64.Build.0 = Debug|x64
		{0C59AEC2-299C-4BBD-A84B-6DC15B650B87}.Debug|x64.Deploy.0 = Debug|x64
		{0C59AEC2-299C-4BBD-A84B-6DC15B650B87}.Release|Any CPU.ActiveCfg = Release|x64
		{0C59AEC2-299C-4BBD-A84B-6DC15B650B87}.Release|Any CPU.Build.0 = Release|x64
		{0C59AEC2-299C-4BBD-A84B-6DC15B650B87}.Release|Any CPU.Deploy.0 = Release|x64
		{0C59AEC2-299C-4BBD-A84B-6DC15B650B87}.Release|x64.ActiveCfg = Release|x64
		{0C59AEC2-299C-4BBD-A84B-6DC15B650B87}.Release|x64.Build.0 = Release|x64
		{0C59AEC2-299C-4BBD-A84B-6DC15B650B87}.Release|x64.Deploy.0 = Release|x64
		{D9D1ADB9-CFA8-42B4-AA27-11CE8FC13FBE}.Debug|Any CPU.ActiveCfg = Debug|Any CPU
		{D9D1ADB9-CFA8-42B4-AA27-11CE8FC13FBE}.Debug|Any CPU.Build.0 = Debug|Any CPU
		{D9D1ADB9-CFA8-42B4-AA27-11CE8FC13FBE}.Debug|x64.ActiveCfg = Debug|Any CPU
		{D9D1ADB9-CFA8-42B4-AA27-11CE8FC13FBE}.Debug|x64.Build.0 = Debug|Any CPU
		{D9D1ADB9-CFA8-42B4-AA27-11CE8FC13FBE}.Release|Any CPU.ActiveCfg = Release|Any CPU
		{D9D1ADB9-CFA8-42B4-AA27-11CE8FC13FBE}.Release|Any CPU.Build.0 = Release|Any CPU
		{D9D1ADB9-CFA8-42B4-AA27-11CE8FC13FBE}.Release|x64.ActiveCfg = Release|Any CPU
		{D9D1ADB9-CFA8-42B4-AA27-11CE8FC13FBE}.Release|x64.Build.0 = Release|Any CPU
	EndGlobalSection
	GlobalSection(SolutionProperties) = preSolution
		HideSolutionNode = FALSE
	EndGlobalSection
	GlobalSection(ExtensibilityGlobals) = postSolution
		SolutionGuid = {D9E2CBF2-8AD5-489C-8CF3-0F552B34869E}
	EndGlobalSection
EndGlobal
